
Microsoft Visual Studio Solution File, Format Version 12.00
# Visual Studio 15
VisualStudioVersion = 15.0.26228.9
MinimumVisualStudioVersion = 10.0.40219.1
Project("{FAE04EC0-301F-11D3-BF4B-00C04F79EFBC}") = "XamarinApp2.Android", "XamarinApp2\XamarinApp2.Android\XamarinApp2.Android.csproj", "{C3D16932-F3CF-4AE9-98CC-3E918DBE2391}"
EndProject
Project("{FAE04EC0-301F-11D3-BF4B-00C04F79EFBC}") = "XamarinApp2", "XamarinApp2\XamarinApp2\XamarinApp2.csproj", "{859843F6-0A59-4125-A35F-E2F893DAF17D}"
EndProject
Project("{FAE04EC0-301F-11D3-BF4B-00C04F79EFBC}") = "XamarinApp2.UWP", "XamarinApp2\XamarinApp2.UWP\XamarinApp2.UWP.csproj", "{A951BFDE-631A-4B5C-A3BB-D1FCEF5B7207}"
EndProject
Project("{FAE04EC0-301F-11D3-BF4B-00C04F79EFBC}") = "XamarinApp2.iOS", "XamarinApp2\XamarinApp2.iOS\XamarinApp2.iOS.csproj", "{F65DC38F-C055-43B9-97AF-1244E21F7C5C}"
EndProject
Global
	GlobalSection(SolutionConfigurationPlatforms) = preSolution
		Ad-Hoc|Any CPU = Ad-Hoc|Any CPU
		Ad-Hoc|ARM = Ad-Hoc|ARM
		Ad-Hoc|iPhone = Ad-Hoc|iPhone
		Ad-Hoc|iPhoneSimulator = Ad-Hoc|iPhoneSimulator
		Ad-Hoc|x64 = Ad-Hoc|x64
		Ad-Hoc|x86 = Ad-Hoc|x86
		AppStore|Any CPU = AppStore|Any CPU
		AppStore|ARM = AppStore|ARM
		AppStore|iPhone = AppStore|iPhone
		AppStore|iPhoneSimulator = AppStore|iPhoneSimulator
		AppStore|x64 = AppStore|x64
		AppStore|x86 = AppStore|x86
		Debug|Any CPU = Debug|Any CPU
		Debug|ARM = Debug|ARM
		Debug|iPhone = Debug|iPhone
		Debug|iPhoneSimulator = Debug|iPhoneSimulator
		Debug|x64 = Debug|x64
		Debug|x86 = Debug|x86
		Release|Any CPU = Release|Any CPU
		Release|ARM = Release|ARM
		Release|iPhone = Release|iPhone
		Release|iPhoneSimulator = Release|iPhoneSimulator
		Release|x64 = Release|x64
		Release|x86 = Release|x86
	EndGlobalSection
	GlobalSection(ProjectConfigurationPlatforms) = postSolution
		{C3D16932-F3CF-4AE9-98CC-3E918DBE2391}.Ad-Hoc|Any CPU.ActiveCfg = Release|Any CPU
		{C3D16932-F3CF-4AE9-98CC-3E918DBE2391}.Ad-Hoc|Any CPU.Build.0 = Release|Any CPU
		{C3D16932-F3CF-4AE9-98CC-3E918DBE2391}.Ad-Hoc|Any CPU.Deploy.0 = Release|Any CPU
		{C3D16932-F3CF-4AE9-98CC-3E918DBE2391}.Ad-Hoc|ARM.ActiveCfg = Release|Any CPU
		{C3D16932-F3CF-4AE9-98CC-3E918DBE2391}.Ad-Hoc|ARM.Build.0 = Release|Any CPU
		{C3D16932-F3CF-4AE9-98CC-3E918DBE2391}.Ad-Hoc|ARM.Deploy.0 = Release|Any CPU
		{C3D16932-F3CF-4AE9-98CC-3E918DBE2391}.Ad-Hoc|iPhone.ActiveCfg = Release|Any CPU
		{C3D16932-F3CF-4AE9-98CC-3E918DBE2391}.Ad-Hoc|iPhone.Build.0 = Release|Any CPU
		{C3D16932-F3CF-4AE9-98CC-3E918DBE2391}.Ad-Hoc|iPhone.Deploy.0 = Release|Any CPU
		{C3D16932-F3CF-4AE9-98CC-3E918DBE2391}.Ad-Hoc|iPhoneSimulator.ActiveCfg = Release|Any CPU
		{C3D16932-F3CF-4AE9-98CC-3E918DBE2391}.Ad-Hoc|iPhoneSimulator.Build.0 = Release|Any CPU
		{C3D16932-F3CF-4AE9-98CC-3E918DBE2391}.Ad-Hoc|iPhoneSimulator.Deploy.0 = Release|Any CPU
		{C3D16932-F3CF-4AE9-98CC-3E918DBE2391}.Ad-Hoc|x64.ActiveCfg = Release|Any CPU
		{C3D16932-F3CF-4AE9-98CC-3E918DBE2391}.Ad-Hoc|x64.Build.0 = Release|Any CPU
		{C3D16932-F3CF-4AE9-98CC-3E918DBE2391}.Ad-Hoc|x64.Deploy.0 = Release|Any CPU
		{C3D16932-F3CF-4AE9-98CC-3E918DBE2391}.Ad-Hoc|x86.ActiveCfg = Release|Any CPU
		{C3D16932-F3CF-4AE9-98CC-3E918DBE2391}.Ad-Hoc|x86.Build.0 = Release|Any CPU
		{C3D16932-F3CF-4AE9-98CC-3E918DBE2391}.Ad-Hoc|x86.Deploy.0 = Release|Any CPU
		{C3D16932-F3CF-4AE9-98CC-3E918DBE2391}.AppStore|Any CPU.ActiveCfg = Release|Any CPU
		{C3D16932-F3CF-4AE9-98CC-3E918DBE2391}.AppStore|Any CPU.Build.0 = Release|Any CPU
		{C3D16932-F3CF-4AE9-98CC-3E918DBE2391}.AppStore|Any CPU.Deploy.0 = Release|Any CPU
		{C3D16932-F3CF-4AE9-98CC-3E918DBE2391}.AppStore|ARM.ActiveCfg = Release|Any CPU
		{C3D16932-F3CF-4AE9-98CC-3E918DBE2391}.AppStore|ARM.Build.0 = Release|Any CPU
		{C3D16932-F3CF-4AE9-98CC-3E918DBE2391}.AppStore|ARM.Deploy.0 = Release|Any CPU
		{C3D16932-F3CF-4AE9-98CC-3E918DBE2391}.AppStore|iPhone.ActiveCfg = Release|Any CPU
		{C3D16932-F3CF-4AE9-98CC-3E918DBE2391}.AppStore|iPhone.Build.0 = Release|Any CPU
		{C3D16932-F3CF-4AE9-98CC-3E918DBE2391}.AppStore|iPhone.Deploy.0 = Release|Any CPU
		{C3D16932-F3CF-4AE9-98CC-3E918DBE2391}.AppStore|iPhoneSimulator.ActiveCfg = Release|Any CPU
		{C3D16932-F3CF-4AE9-98CC-3E918DBE2391}.AppStore|iPhoneSimulator.Build.0 = Release|Any CPU
		{C3D16932-F3CF-4AE9-98CC-3E918DBE2391}.AppStore|iPhoneSimulator.Deploy.0 = Release|Any CPU
		{C3D16932-F3CF-4AE9-98CC-3E918DBE2391}.AppStore|x64.ActiveCfg = Release|Any CPU
		{C3D16932-F3CF-4AE9-98CC-3E918DBE2391}.AppStore|x64.Build.0 = Release|Any CPU
		{C3D16932-F3CF-4AE9-98CC-3E918DBE2391}.AppStore|x64.Deploy.0 = Release|Any CPU
		{C3D16932-F3CF-4AE9-98CC-3E918DBE2391}.AppStore|x86.ActiveCfg = Release|Any CPU
		{C3D16932-F3CF-4AE9-98CC-3E918DBE2391}.AppStore|x86.Build.0 = Release|Any CPU
		{C3D16932-F3CF-4AE9-98CC-3E918DBE2391}.AppStore|x86.Deploy.0 = Release|Any CPU
		{C3D16932-F3CF-4AE9-98CC-3E918DBE2391}.Debug|Any CPU.ActiveCfg = Debug|Any CPU
		{C3D16932-F3CF-4AE9-98CC-3E918DBE2391}.Debug|Any CPU.Build.0 = Debug|Any CPU
		{C3D16932-F3CF-4AE9-98CC-3E918DBE2391}.Debug|Any CPU.Deploy.0 = Debug|Any CPU
		{C3D16932-F3CF-4AE9-98CC-3E918DBE2391}.Debug|ARM.ActiveCfg = Debug|Any CPU
		{C3D16932-F3CF-4AE9-98CC-3E918DBE2391}.Debug|ARM.Build.0 = Debug|Any CPU
		{C3D16932-F3CF-4AE9-98CC-3E918DBE2391}.Debug|ARM.Deploy.0 = Debug|Any CPU
		{C3D16932-F3CF-4AE9-98CC-3E918DBE2391}.Debug|iPhone.ActiveCfg = Debug|Any CPU
		{C3D16932-F3CF-4AE9-98CC-3E918DBE2391}.Debug|iPhone.Build.0 = Debug|Any CPU
		{C3D16932-F3CF-4AE9-98CC-3E918DBE2391}.Debug|iPhone.Deploy.0 = Debug|Any CPU
		{C3D16932-F3CF-4AE9-98CC-3E918DBE2391}.Debug|iPhoneSimulator.ActiveCfg = Debug|Any CPU
		{C3D16932-F3CF-4AE9-98CC-3E918DBE2391}.Debug|iPhoneSimulator.Build.0 = Debug|Any CPU
		{C3D16932-F3CF-4AE9-98CC-3E918DBE2391}.Debug|iPhoneSimulator.Deploy.0 = Debug|Any CPU
		{C3D16932-F3CF-4AE9-98CC-3E918DBE2391}.Debug|x64.ActiveCfg = Debug|Any CPU
		{C3D16932-F3CF-4AE9-98CC-3E918DBE2391}.Debug|x64.Build.0 = Debug|Any CPU
		{C3D16932-F3CF-4AE9-98CC-3E918DBE2391}.Debug|x64.Deploy.0 = Debug|Any CPU
		{C3D16932-F3CF-4AE9-98CC-3E918DBE2391}.Debug|x86.ActiveCfg = Debug|Any CPU
		{C3D16932-F3CF-4AE9-98CC-3E918DBE2391}.Debug|x86.Build.0 = Debug|Any CPU
		{C3D16932-F3CF-4AE9-98CC-3E918DBE2391}.Debug|x86.Deploy.0 = Debug|Any CPU
		{C3D16932-F3CF-4AE9-98CC-3E918DBE2391}.Release|Any CPU.ActiveCfg = Release|Any CPU
		{C3D16932-F3CF-4AE9-98CC-3E918DBE2391}.Release|Any CPU.Build.0 = Release|Any CPU
		{C3D16932-F3CF-4AE9-98CC-3E918DBE2391}.Release|Any CPU.Deploy.0 = Release|Any CPU
		{C3D16932-F3CF-4AE9-98CC-3E918DBE2391}.Release|ARM.ActiveCfg = Release|Any CPU
		{C3D16932-F3CF-4AE9-98CC-3E918DBE2391}.Release|ARM.Build.0 = Release|Any CPU
		{C3D16932-F3CF-4AE9-98CC-3E918DBE2391}.Release|ARM.Deploy.0 = Release|Any CPU
		{C3D16932-F3CF-4AE9-98CC-3E918DBE2391}.Release|iPhone.ActiveCfg = Release|Any CPU
		{C3D16932-F3CF-4AE9-98CC-3E918DBE2391}.Release|iPhone.Build.0 = Release|Any CPU
		{C3D16932-F3CF-4AE9-98CC-3E918DBE2391}.Release|iPhone.Deploy.0 = Release|Any CPU
		{C3D16932-F3CF-4AE9-98CC-3E918DBE2391}.Release|iPhoneSimulator.ActiveCfg = Release|Any CPU
		{C3D16932-F3CF-4AE9-98CC-3E918DBE2391}.Release|iPhoneSimulator.Build.0 = Release|Any CPU
		{C3D16932-F3CF-4AE9-98CC-3E918DBE2391}.Release|iPhoneSimulator.Deploy.0 = Release|Any CPU
		{C3D16932-F3CF-4AE9-98CC-3E918DBE2391}.Release|x64.ActiveCfg = Release|Any CPU
		{C3D16932-F3CF-4AE9-98CC-3E918DBE2391}.Release|x64.Build.0 = Release|Any CPU
		{C3D16932-F3CF-4AE9-98CC-3E918DBE2391}.Release|x64.Deploy.0 = Release|Any CPU
		{C3D16932-F3CF-4AE9-98CC-3E918DBE2391}.Release|x86.ActiveCfg = Release|Any CPU
		{C3D16932-F3CF-4AE9-98CC-3E918DBE2391}.Release|x86.Build.0 = Release|Any CPU
		{C3D16932-F3CF-4AE9-98CC-3E918DBE2391}.Release|x86.Deploy.0 = Release|Any CPU
		{859843F6-0A59-4125-A35F-E2F893DAF17D}.Ad-Hoc|Any CPU.ActiveCfg = Release|Any CPU
		{859843F6-0A59-4125-A35F-E2F893DAF17D}.Ad-Hoc|Any CPU.Build.0 = Release|Any CPU
		{859843F6-0A59-4125-A35F-E2F893DAF17D}.Ad-Hoc|ARM.ActiveCfg = Release|Any CPU
		{859843F6-0A59-4125-A35F-E2F893DAF17D}.Ad-Hoc|ARM.Build.0 = Release|Any CPU
		{859843F6-0A59-4125-A35F-E2F893DAF17D}.Ad-Hoc|iPhone.ActiveCfg = Release|Any CPU
		{859843F6-0A59-4125-A35F-E2F893DAF17D}.Ad-Hoc|iPhone.Build.0 = Release|Any CPU
		{859843F6-0A59-4125-A35F-E2F893DAF17D}.Ad-Hoc|iPhoneSimulator.ActiveCfg = Release|Any CPU
		{859843F6-0A59-4125-A35F-E2F893DAF17D}.Ad-Hoc|iPhoneSimulator.Build.0 = Release|Any CPU
		{859843F6-0A59-4125-A35F-E2F893DAF17D}.Ad-Hoc|x64.ActiveCfg = Release|Any CPU
		{859843F6-0A59-4125-A35F-E2F893DAF17D}.Ad-Hoc|x64.Build.0 = Release|Any CPU
		{859843F6-0A59-4125-A35F-E2F893DAF17D}.Ad-Hoc|x86.ActiveCfg = Release|Any CPU
		{859843F6-0A59-4125-A35F-E2F893DAF17D}.Ad-Hoc|x86.Build.0 = Release|Any CPU
		{859843F6-0A59-4125-A35F-E2F893DAF17D}.AppStore|Any CPU.ActiveCfg = Release|Any CPU
		{859843F6-0A59-4125-A35F-E2F893DAF17D}.AppStore|Any CPU.Build.0 = Release|Any CPU
		{859843F6-0A59-4125-A35F-E2F893DAF17D}.AppStore|ARM.ActiveCfg = Release|Any CPU
		{859843F6-0A59-4125-A35F-E2F893DAF17D}.AppStore|ARM.Build.0 = Release|Any CPU
		{859843F6-0A59-4125-A35F-E2F893DAF17D}.AppStore|iPhone.ActiveCfg = Release|Any CPU
		{859843F6-0A59-4125-A35F-E2F893DAF17D}.AppStore|iPhone.Build.0 = Release|Any CPU
		{859843F6-0A59-4125-A35F-E2F893DAF17D}.AppStore|iPhoneSimulator.ActiveCfg = Release|Any CPU
		{859843F6-0A59-4125-A35F-E2F893DAF17D}.AppStore|iPhoneSimulator.Build.0 = Release|Any CPU
		{859843F6-0A59-4125-A35F-E2F893DAF17D}.AppStore|x64.ActiveCfg = Release|Any CPU
		{859843F6-0A59-4125-A35F-E2F893DAF17D}.AppStore|x64.Build.0 = Release|Any CPU
		{859843F6-0A59-4125-A35F-E2F893DAF17D}.AppStore|x86.ActiveCfg = Release|Any CPU
		{859843F6-0A59-4125-A35F-E2F893DAF17D}.AppStore|x86.Build.0 = Release|Any CPU
		{859843F6-0A59-4125-A35F-E2F893DAF17D}.Debug|Any CPU.ActiveCfg = Debug|Any CPU
		{859843F6-0A59-4125-A35F-E2F893DAF17D}.Debug|Any CPU.Build.0 = Debug|Any CPU
		{859843F6-0A59-4125-A35F-E2F893DAF17D}.Debug|ARM.ActiveCfg = Debug|Any CPU
		{859843F6-0A59-4125-A35F-E2F893DAF17D}.Debug|ARM.Build.0 = Debug|Any CPU
		{859843F6-0A59-4125-A35F-E2F893DAF17D}.Debug|iPhone.ActiveCfg = Debug|Any CPU
		{859843F6-0A59-4125-A35F-E2F893DAF17D}.Debug|iPhone.Build.0 = Debug|Any CPU
		{859843F6-0A59-4125-A35F-E2F893DAF17D}.Debug|iPhoneSimulator.ActiveCfg = Debug|Any CPU
		{859843F6-0A59-4125-A35F-E2F893DAF17D}.Debug|iPhoneSimulator.Build.0 = Debug|Any CPU
		{859843F6-0A59-4125-A35F-E2F893DAF17D}.Debug|x64.ActiveCfg = Debug|Any CPU
		{859843F6-0A59-4125-A35F-E2F893DAF17D}.Debug|x64.Build.0 = Debug|Any CPU
		{859843F6-0A59-4125-A35F-E2F893DAF17D}.Debug|x86.ActiveCfg = Debug|Any CPU
		{859843F6-0A59-4125-A35F-E2F893DAF17D}.Debug|x86.Build.0 = Debug|Any CPU
		{859843F6-0A59-4125-A35F-E2F893DAF17D}.Release|Any CPU.ActiveCfg = Release|Any CPU
		{859843F6-0A59-4125-A35F-E2F893DAF17D}.Release|Any CPU.Build.0 = Release|Any CPU
		{859843F6-0A59-4125-A35F-E2F893DAF17D}.Release|ARM.ActiveCfg = Release|Any CPU
		{859843F6-0A59-4125-A35F-E2F893DAF17D}.Release|ARM.Build.0 = Release|Any CPU
		{859843F6-0A59-4125-A35F-E2F893DAF17D}.Release|iPhone.ActiveCfg = Release|Any CPU
		{859843F6-0A59-4125-A35F-E2F893DAF17D}.Release|iPhone.Build.0 = Release|Any CPU
		{859843F6-0A59-4125-A35F-E2F893DAF17D}.Release|iPhoneSimulator.ActiveCfg = Release|Any CPU
		{859843F6-0A59-4125-A35F-E2F893DAF17D}.Release|iPhoneSimulator.Build.0 = Release|Any CPU
		{859843F6-0A59-4125-A35F-E2F893DAF17D}.Release|x64.ActiveCfg = Release|Any CPU
		{859843F6-0A59-4125-A35F-E2F893DAF17D}.Release|x64.Build.0 = Release|Any CPU
		{859843F6-0A59-4125-A35F-E2F893DAF17D}.Release|x86.ActiveCfg = Release|Any CPU
		{859843F6-0A59-4125-A35F-E2F893DAF17D}.Release|x86.Build.0 = Release|Any CPU
		{A951BFDE-631A-4B5C-A3BB-D1FCEF5B7207}.Ad-Hoc|Any CPU.ActiveCfg = Release|x86
		{A951BFDE-631A-4B5C-A3BB-D1FCEF5B7207}.Ad-Hoc|Any CPU.Build.0 = Release|x86
		{A951BFDE-631A-4B5C-A3BB-D1FCEF5B7207}.Ad-Hoc|Any CPU.Deploy.0 = Release|x86
		{A951BFDE-631A-4B5C-A3BB-D1FCEF5B7207}.Ad-Hoc|ARM.ActiveCfg = Release|ARM
		{A951BFDE-631A-4B5C-A3BB-D1FCEF5B7207}.Ad-Hoc|ARM.Build.0 = Release|ARM
		{A951BFDE-631A-4B5C-A3BB-D1FCEF5B7207}.Ad-Hoc|ARM.Deploy.0 = Release|ARM
		{A951BFDE-631A-4B5C-A3BB-D1FCEF5B7207}.Ad-Hoc|iPhone.ActiveCfg = Release|x86
		{A951BFDE-631A-4B5C-A3BB-D1FCEF5B7207}.Ad-Hoc|iPhone.Build.0 = Release|x86
		{A951BFDE-631A-4B5C-A3BB-D1FCEF5B7207}.Ad-Hoc|iPhone.Deploy.0 = Release|x86
		{A951BFDE-631A-4B5C-A3BB-D1FCEF5B7207}.Ad-Hoc|iPhoneSimulator.ActiveCfg = Release|x86
		{A951BFDE-631A-4B5C-A3BB-D1FCEF5B7207}.Ad-Hoc|iPhoneSimulator.Build.0 = Release|x86
		{A951BFDE-631A-4B5C-A3BB-D1FCEF5B7207}.Ad-Hoc|iPhoneSimulator.Deploy.0 = Release|x86
		{A951BFDE-631A-4B5C-A3BB-D1FCEF5B7207}.Ad-Hoc|x64.ActiveCfg = Release|x64
		{A951BFDE-631A-4B5C-A3BB-D1FCEF5B7207}.Ad-Hoc|x64.Build.0 = Release|x64
		{A951BFDE-631A-4B5C-A3BB-D1FCEF5B7207}.Ad-Hoc|x64.Deploy.0 = Release|x64
		{A951BFDE-631A-4B5C-A3BB-D1FCEF5B7207}.Ad-Hoc|x86.ActiveCfg = Release|x86
		{A951BFDE-631A-4B5C-A3BB-D1FCEF5B7207}.Ad-Hoc|x86.Build.0 = Release|x86
		{A951BFDE-631A-4B5C-A3BB-D1FCEF5B7207}.Ad-Hoc|x86.Deploy.0 = Release|x86
		{A951BFDE-631A-4B5C-A3BB-D1FCEF5B7207}.AppStore|Any CPU.ActiveCfg = Release|x86
		{A951BFDE-631A-4B5C-A3BB-D1FCEF5B7207}.AppStore|Any CPU.Build.0 = Release|x86
		{A951BFDE-631A-4B5C-A3BB-D1FCEF5B7207}.AppStore|Any CPU.Deploy.0 = Release|x86
		{A951BFDE-631A-4B5C-A3BB-D1FCEF5B7207}.AppStore|ARM.ActiveCfg = Release|ARM
		{A951BFDE-631A-4B5C-A3BB-D1FCEF5B7207}.AppStore|ARM.Build.0 = Release|ARM
		{A951BFDE-631A-4B5C-A3BB-D1FCEF5B7207}.AppStore|ARM.Deploy.0 = Release|ARM
		{A951BFDE-631A-4B5C-A3BB-D1FCEF5B7207}.AppStore|iPhone.ActiveCfg = Release|x86
		{A951BFDE-631A-4B5C-A3BB-D1FCEF5B7207}.AppStore|iPhone.Build.0 = Release|x86
		{A951BFDE-631A-4B5C-A3BB-D1FCEF5B7207}.AppStore|iPhone.Deploy.0 = Release|x86
		{A951BFDE-631A-4B5C-A3BB-D1FCEF5B7207}.AppStore|iPhoneSimulator.ActiveCfg = Release|x86
		{A951BFDE-631A-4B5C-A3BB-D1FCEF5B7207}.AppStore|iPhoneSimulator.Build.0 = Release|x86
		{A951BFDE-631A-4B5C-A3BB-D1FCEF5B7207}.AppStore|iPhoneSimulator.Deploy.0 = Release|x86
		{A951BFDE-631A-4B5C-A3BB-D1FCEF5B7207}.AppStore|x64.ActiveCfg = Release|x64
		{A951BFDE-631A-4B5C-A3BB-D1FCEF5B7207}.AppStore|x64.Build.0 = Release|x64
		{A951BFDE-631A-4B5C-A3BB-D1FCEF5B7207}.AppStore|x64.Deploy.0 = Release|x64
		{A951BFDE-631A-4B5C-A3BB-D1FCEF5B7207}.AppStore|x86.ActiveCfg = Release|x86
		{A951BFDE-631A-4B5C-A3BB-D1FCEF5B7207}.AppStore|x86.Build.0 = Release|x86
		{A951BFDE-631A-4B5C-A3BB-D1FCEF5B7207}.AppStore|x86.Deploy.0 = Release|x86
		{A951BFDE-631A-4B5C-A3BB-D1FCEF5B7207}.Debug|Any CPU.ActiveCfg = Debug|x86
		{A951BFDE-631A-4B5C-A3BB-D1FCEF5B7207}.Debug|ARM.ActiveCfg = Debug|ARM
		{A951BFDE-631A-4B5C-A3BB-D1FCEF5B7207}.Debug|ARM.Build.0 = Debug|ARM
		{A951BFDE-631A-4B5C-A3BB-D1FCEF5B7207}.Debug|ARM.Deploy.0 = Debug|ARM
		{A951BFDE-631A-4B5C-A3BB-D1FCEF5B7207}.Debug|iPhone.ActiveCfg = Debug|x86
		{A951BFDE-631A-4B5C-A3BB-D1FCEF5B7207}.Debug|iPhoneSimulator.ActiveCfg = Debug|x86
		{A951BFDE-631A-4B5C-A3BB-D1FCEF5B7207}.Debug|x64.ActiveCfg = Debug|x64
		{A951BFDE-631A-4B5C-A3BB-D1FCEF5B7207}.Debug|x64.Build.0 = Debug|x64
		{A951BFDE-631A-4B5C-A3BB-D1FCEF5B7207}.Debug|x64.Deploy.0 = Debug|x64
		{A951BFDE-631A-4B5C-A3BB-D1FCEF5B7207}.Debug|x86.ActiveCfg = Debug|x86
		{A951BFDE-631A-4B5C-A3BB-D1FCEF5B7207}.Debug|x86.Build.0 = Debug|x86
		{A951BFDE-631A-4B5C-A3BB-D1FCEF5B7207}.Debug|x86.Deploy.0 = Debug|x86
		{A951BFDE-631A-4B5C-A3BB-D1FCEF5B7207}.Release|Any CPU.ActiveCfg = Release|x86
		{A951BFDE-631A-4B5C-A3BB-D1FCEF5B7207}.Release|ARM.ActiveCfg = Release|ARM
		{A951BFDE-631A-4B5C-A3BB-D1FCEF5B7207}.Release|ARM.Build.0 = Release|ARM
		{A951BFDE-631A-4B5C-A3BB-D1FCEF5B7207}.Release|ARM.Deploy.0 = Release|ARM
		{A951BFDE-631A-4B5C-A3BB-D1FCEF5B7207}.Release|iPhone.ActiveCfg = Release|x86
		{A951BFDE-631A-4B5C-A3BB-D1FCEF5B7207}.Release|iPhoneSimulator.ActiveCfg = Release|x86
		{A951BFDE-631A-4B5C-A3BB-D1FCEF5B7207}.Release|x64.ActiveCfg = Release|x64
		{A951BFDE-631A-4B5C-A3BB-D1FCEF5B7207}.Release|x64.Build.0 = Release|x64
		{A951BFDE-631A-4B5C-A3BB-D1FCEF5B7207}.Release|x64.Deploy.0 = Release|x64
		{A951BFDE-631A-4B5C-A3BB-D1FCEF5B7207}.Release|x86.ActiveCfg = Release|x86
		{A951BFDE-631A-4B5C-A3BB-D1FCEF5B7207}.Release|x86.Build.0 = Release|x86
		{A951BFDE-631A-4B5C-A3BB-D1FCEF5B7207}.Release|x86.Deploy.0 = Release|x86
		{F65DC38F-C055-43B9-97AF-1244E21F7C5C}.Ad-Hoc|Any CPU.ActiveCfg = Ad-Hoc|iPhone
		{F65DC38F-C055-43B9-97AF-1244E21F7C5C}.Ad-Hoc|ARM.ActiveCfg = Ad-Hoc|iPhone
		{F65DC38F-C055-43B9-97AF-1244E21F7C5C}.Ad-Hoc|iPhone.ActiveCfg = Ad-Hoc|iPhone
		{F65DC38F-C055-43B9-97AF-1244E21F7C5C}.Ad-Hoc|iPhone.Build.0 = Ad-Hoc|iPhone
		{F65DC38F-C055-43B9-97AF-1244E21F7C5C}.Ad-Hoc|iPhoneSimulator.ActiveCfg = Ad-Hoc|iPhoneSimulator
		{F65DC38F-C055-43B9-97AF-1244E21F7C5C}.Ad-Hoc|iPhoneSimulator.Build.0 = Ad-Hoc|iPhoneSimulator
		{F65DC38F-C055-43B9-97AF-1244E21F7C5C}.Ad-Hoc|x64.ActiveCfg = Ad-Hoc|iPhone
		{F65DC38F-C055-43B9-97AF-1244E21F7C5C}.Ad-Hoc|x86.ActiveCfg = Ad-Hoc|iPhone
		{F65DC38F-C055-43B9-97AF-1244E21F7C5C}.AppStore|Any CPU.ActiveCfg = AppStore|iPhone
		{F65DC38F-C055-43B9-97AF-1244E21F7C5C}.AppStore|ARM.ActiveCfg = AppStore|iPhone
		{F65DC38F-C055-43B9-97AF-1244E21F7C5C}.AppStore|iPhone.ActiveCfg = AppStore|iPhone
		{F65DC38F-C055-43B9-97AF-1244E21F7C5C}.AppStore|iPhone.Build.0 = AppStore|iPhone
		{F65DC38F-C055-43B9-97AF-1244E21F7C5C}.AppStore|iPhoneSimulator.ActiveCfg = AppStore|iPhoneSimulator
		{F65DC38F-C055-43B9-97AF-1244E21F7C5C}.AppStore|iPhoneSimulator.Build.0 = AppStore|iPhoneSimulator
		{F65DC38F-C055-43B9-97AF-1244E21F7C5C}.AppStore|x64.ActiveCfg = AppStore|iPhone
		{F65DC38F-C055-43B9-97AF-1244E21F7C5C}.AppStore|x86.ActiveCfg = AppStore|iPhone
		{F65DC38F-C055-43B9-97AF-1244E21F7C5C}.Debug|Any CPU.ActiveCfg = Debug|iPhone
		{F65DC38F-C055-43B9-97AF-1244E21F7C5C}.Debug|ARM.ActiveCfg = Debug|iPhone
		{F65DC38F-C055-43B9-97AF-1244E21F7C5C}.Debug|iPhone.ActiveCfg = Debug|iPhone
		{F65DC38F-C055-43B9-97AF-1244E21F7C5C}.Debug|iPhone.Build.0 = Debug|iPhone
		{F65DC38F-C055-43B9-97AF-1244E21F7C5C}.Debug|iPhoneSimulator.ActiveCfg = Debug|iPhoneSimulator
		{F65DC38F-C055-43B9-97AF-1244E21F7C5C}.Debug|iPhoneSimulator.Build.0 = Debug|iPhoneSimulator
		{F65DC38F-C055-43B9-97AF-1244E21F7C5C}.Debug|x64.ActiveCfg = Debug|iPhone
		{F65DC38F-C055-43B9-97AF-1244E21F7C5C}.Debug|x86.ActiveCfg = Debug|iPhone
		{F65DC38F-C055-43B9-97AF-1244E21F7C5C}.Release|Any CPU.ActiveCfg = Release|iPhone
		{F65DC38F-C055-43B9-97AF-1244E21F7C5C}.Release|ARM.ActiveCfg = Release|iPhone
		{F65DC38F-C055-43B9-97AF-1244E21F7C5C}.Release|iPhone.ActiveCfg = Release|iPhone
		{F65DC38F-C055-43B9-97AF-1244E21F7C5C}.Release|iPhone.Build.0 = Release|iPhone
		{F65DC38F-C055-43B9-97AF-1244E21F7C5C}.Release|iPhoneSimulator.ActiveCfg = Release|iPhoneSimulator
		{F65DC38F-C055-43B9-97AF-1244E21F7C5C}.Release|iPhoneSimulator.Build.0 = Release|iPhoneSimulator
		{F65DC38F-C055-43B9-97AF-1244E21F7C5C}.Release|x64.ActiveCfg = Release|iPhone
		{F65DC38F-C055-43B9-97AF-1244E21F7C5C}.Release|x86.ActiveCfg = Release|iPhone
	EndGlobalSection
	GlobalSection(SolutionProperties) = preSolution
		HideSolutionNode = FALSE
	EndGlobalSection
EndGlobal
